
Microsoft Visual Studio Solution File, Format Version 12.00
# Visual Studio Version 17
VisualStudioVersion = 17.10.34928.147
MinimumVisualStudioVersion = 10.0.40219.1
Project("{FAE04EC0-301F-11D3-BF4B-00C04F79EFBC}") = "FaceLivenessWPF", "FaceLivenessWPF\FaceLivenessWPF.csproj", "{4433F2DB-CB41-4E31-A3A6-3CBE6D18BB92}"
EndProject
Global
	GlobalSection(SolutionConfigurationPlatforms) = preSolution
		Debug|Any CPU = Debug|Any CPU
		Release|Any CPU = Release|Any CPU
	EndGlobalSection
	GlobalSection(ProjectConfigurationPlatforms) = postSolution
		{4433F2DB-CB41-4E31-A3A6-3CBE6D18BB92}.Debug|Any CPU.ActiveCfg = Debug|Any CPU
		{4433F2DB-CB41-4E31-A3A6-3CBE6D18BB92}.Debug|Any CPU.Build.0 = Debug|Any CPU
		{4433F2DB-CB41-4E31-A3A6-3CBE6D18BB92}.Release|Any CPU.ActiveCfg = Release|Any CPU
		{4433F2DB-CB41-4E31-A3A6-3CBE6D18BB92}.Release|Any CPU.Build.0 = Release|Any CPU
	EndGlobalSection
	GlobalSection(SolutionProperties) = preSolution
		HideSolutionNode = FALSE
	EndGlobalSection
	GlobalSection(ExtensibilityGlobals) = postSolution
		SolutionGuid = {E6E78F2D-E6BC-4A1D-AA41-9A1F3CEA0467}
	EndGlobalSection
EndGlobal
